
Microsoft Visual Studio Solution File, Format Version 12.00
# Visual Studio Version 17
VisualStudioVersion = 17.0.31903.59
MinimumVisualStudioVersion = 10.0.40219.1
Project("{2150E333-8FDC-42A3-9474-1A3956D46DE8}") = "src", "src", "{827E0CD3-B72D-47B6-A68D-7590B98EB39B}"
EndProject
Project("{FAE04EC0-301F-11D3-BF4B-00C04F79EFBC}") = "Core", "src\Core\Core.csproj", "{91F79CE0-0A70-4F39-BBB7-01566EFF095E}"
EndProject
Project("{FAE04EC0-301F-11D3-BF4B-00C04F79EFBC}") = "NotificationService", "src\NotificationService\NotificationService.csproj", "{C248C376-9436-431E-9216-8D068BD2343F}"
EndProject
Project("{2150E333-8FDC-42A3-9474-1A3956D46DE8}") = "tests", "tests", "{0AB3BF05-4346-4AA6-1389-037BE0695223}"
EndProject
Project("{FAE04EC0-301F-11D3-BF4B-00C04F79EFBC}") = "Core.Tests", "tests\Core.Tests\Core.Tests.csproj", "{8D5645A9-59EB-4B29-8A3B-FBD6E44D4332}"
EndProject
Project("{FAE04EC0-301F-11D3-BF4B-00C04F79EFBC}") = "NotificationService.UnitTests", "tests\NotificationService.UnitTests\NotificationService.UnitTests.csproj", "{2CCE6312-6F25-4673-9FD7-5B7B8D2E3F5B}"
EndProject
Project("{FAE04EC0-301F-11D3-BF4B-00C04F79EFBC}") = "NotificationService.IntegrationTests", "tests\NotificationService.IntegrationTests\NotificationService.IntegrationTests.csproj", "{970C0590-1EBE-4B4A-B788-C306EC71AAB8}"
EndProject
Project("{FAE04EC0-301F-11D3-BF4B-00C04F79EFBC}") = "LoadTests", "LoadTests\LoadTests.csproj", "{12345678-1234-1234-1234-123456789ABC}"
EndProject
Project("{FAE04EC0-301F-11D3-BF4B-00C04F79EFBC}") = "Shared.Contracts", "src\Shared.Contracts\Shared.Contracts.csproj", "{DA25C63C-7D91-4FD2-BEF4-4F920A6C4612}"
EndProject
Project("{2150E333-8FDC-42A3-9474-1A3956D46DE8}") = "Services", "Services", "{984BB9B3-3FA3-BE33-9484-CAC21695A33C}"
EndProject
Project("{FAE04EC0-301F-11D3-BF4B-00C04F79EFBC}") = "UserService", "src\Services\UserService\UserService.csproj", "{CCA66421-1D80-4E8C-8E8D-5C036C794D7B}"
EndProject
Project("{FAE04EC0-301F-11D3-BF4B-00C04F79EFBC}") = "ProductService", "src\Services\ProductService\ProductService.csproj", "{02E07064-EAA5-4B5F-95D1-498FD1220E20}"
EndProject
Project("{FAE04EC0-301F-11D3-BF4B-00C04F79EFBC}") = "CartService", "src\Services\CartService\CartService.csproj", "{0726243F-CA91-4FCD-978C-4B0E11975209}"
EndProject
Project("{FAE04EC0-301F-11D3-BF4B-00C04F79EFBC}") = "OrderService", "src\Services\OrderService\OrderService.csproj", "{B699E060-0E22-4DBE-9B65-1C89CD32959F}"
EndProject
Project("{FAE04EC0-301F-11D3-BF4B-00C04F79EFBC}") = "ApiGateway", "src\Services\ApiGateway\ApiGateway.csproj", "{025A25D5-65AC-4FC3-B74F-A355BE7E8C3D}"
EndProject
Project("{2150E333-8FDC-42A3-9474-1A3956D46DE8}") = "Web", "Web", "{03997797-E7F5-0643-168D-B8EA7178C2FE}"
EndProject
Project("{FAE04EC0-301F-11D3-BF4B-00C04F79EFBC}") = "WebBff", "src\Web\WebBff\WebBff.csproj", "{61159DF0-0A26-4C2E-9615-F711608E4B79}"
EndProject
Global
	GlobalSection(SolutionConfigurationPlatforms) = preSolution
		Debug|Any CPU = Debug|Any CPU
		Debug|x64 = Debug|x64
		Debug|x86 = Debug|x86
		Release|Any CPU = Release|Any CPU
		Release|x64 = Release|x64
		Release|x86 = Release|x86
	EndGlobalSection
	GlobalSection(ProjectConfigurationPlatforms) = postSolution
		{91F79CE0-0A70-4F39-BBB7-01566EFF095E}.Debug|Any CPU.ActiveCfg = Debug|Any CPU
		{91F79CE0-0A70-4F39-BBB7-01566EFF095E}.Debug|Any CPU.Build.0 = Debug|Any CPU
		{91F79CE0-0A70-4F39-BBB7-01566EFF095E}.Debug|x64.ActiveCfg = Debug|Any CPU
		{91F79CE0-0A70-4F39-BBB7-01566EFF095E}.Debug|x64.Build.0 = Debug|Any CPU
		{91F79CE0-0A70-4F39-BBB7-01566EFF095E}.Debug|x86.ActiveCfg = Debug|Any CPU
		{91F79CE0-0A70-4F39-BBB7-01566EFF095E}.Debug|x86.Build.0 = Debug|Any CPU
		{91F79CE0-0A70-4F39-BBB7-01566EFF095E}.Release|Any CPU.ActiveCfg = Release|Any CPU
		{91F79CE0-0A70-4F39-BBB7-01566EFF095E}.Release|Any CPU.Build.0 = Release|Any CPU
		{91F79CE0-0A70-4F39-BBB7-01566EFF095E}.Release|x64.ActiveCfg = Release|Any CPU
		{91F79CE0-0A70-4F39-BBB7-01566EFF095E}.Release|x64.Build.0 = Release|Any CPU
		{91F79CE0-0A70-4F39-BBB7-01566EFF095E}.Release|x86.ActiveCfg = Release|Any CPU
		{91F79CE0-0A70-4F39-BBB7-01566EFF095E}.Release|x86.Build.0 = Release|Any CPU
		{C248C376-9436-431E-9216-8D068BD2343F}.Debug|Any CPU.ActiveCfg = Debug|Any CPU
		{C248C376-9436-431E-9216-8D068BD2343F}.Debug|Any CPU.Build.0 = Debug|Any CPU
		{C248C376-9436-431E-9216-8D068BD2343F}.Debug|x64.ActiveCfg = Debug|Any CPU
		{C248C376-9436-431E-9216-8D068BD2343F}.Debug|x64.Build.0 = Debug|Any CPU
		{C248C376-9436-431E-9216-8D068BD2343F}.Debug|x86.ActiveCfg = Debug|Any CPU
		{C248C376-9436-431E-9216-8D068BD2343F}.Debug|x86.Build.0 = Debug|Any CPU
		{C248C376-9436-431E-9216-8D068BD2343F}.Release|Any CPU.ActiveCfg = Release|Any CPU
		{C248C376-9436-431E-9216-8D068BD2343F}.Release|Any CPU.Build.0 = Release|Any CPU
		{C248C376-9436-431E-9216-8D068BD2343F}.Release|x64.ActiveCfg = Release|Any CPU
		{C248C376-9436-431E-9216-8D068BD2343F}.Release|x64.Build.0 = Release|Any CPU
		{C248C376-9436-431E-9216-8D068BD2343F}.Release|x86.ActiveCfg = Release|Any CPU
		{C248C376-9436-431E-9216-8D068BD2343F}.Release|x86.Build.0 = Release|Any CPU
		{8D5645A9-59EB-4B29-8A3B-FBD6E44D4332}.Debug|Any CPU.ActiveCfg = Debug|Any CPU
		{8D5645A9-59EB-4B29-8A3B-FBD6E44D4332}.Debug|Any CPU.Build.0 = Debug|Any CPU
		{8D5645A9-59EB-4B29-8A3B-FBD6E44D4332}.Debug|x64.ActiveCfg = Debug|Any CPU
		{8D5645A9-59EB-4B29-8A3B-FBD6E44D4332}.Debug|x64.Build.0 = Debug|Any CPU
		{8D5645A9-59EB-4B29-8A3B-FBD6E44D4332}.Debug|x86.ActiveCfg = Debug|Any CPU
		{8D5645A9-59EB-4B29-8A3B-FBD6E44D4332}.Debug|x86.Build.0 = Debug|Any CPU
		{8D5645A9-59EB-4B29-8A3B-FBD6E44D4332}.Release|Any CPU.ActiveCfg = Release|Any CPU
		{8D5645A9-59EB-4B29-8A3B-FBD6E44D4332}.Release|Any CPU.Build.0 = Release|Any CPU
		{8D5645A9-59EB-4B29-8A3B-FBD6E44D4332}.Release|x64.ActiveCfg = Release|Any CPU
		{8D5645A9-59EB-4B29-8A3B-FBD6E44D4332}.Release|x64.Build.0 = Release|Any CPU
		{8D5645A9-59EB-4B29-8A3B-FBD6E44D4332}.Release|x86.ActiveCfg = Release|Any CPU
		{8D5645A9-59EB-4B29-8A3B-FBD6E44D4332}.Release|x86.Build.0 = Release|Any CPU
		{2CCE6312-6F25-4673-9FD7-5B7B8D2E3F5B}.Debug|Any CPU.ActiveCfg = Debug|Any CPU
		{2CCE6312-6F25-4673-9FD7-5B7B8D2E3F5B}.Debug|Any CPU.Build.0 = Debug|Any CPU
		{2CCE6312-6F25-4673-9FD7-5B7B8D2E3F5B}.Debug|x64.ActiveCfg = Debug|Any CPU
		{2CCE6312-6F25-4673-9FD7-5B7B8D2E3F5B}.Debug|x64.Build.0 = Debug|Any CPU
		{2CCE6312-6F25-4673-9FD7-5B7B8D2E3F5B}.Debug|x86.ActiveCfg = Debug|Any CPU
		{2CCE6312-6F25-4673-9FD7-5B7B8D2E3F5B}.Debug|x86.Build.0 = Debug|Any CPU
		{2CCE6312-6F25-4673-9FD7-5B7B8D2E3F5B}.Release|Any CPU.ActiveCfg = Release|Any CPU
		{2CCE6312-6F25-4673-9FD7-5B7B8D2E3F5B}.Release|Any CPU.Build.0 = Release|Any CPU
		{2CCE6312-6F25-4673-9FD7-5B7B8D2E3F5B}.Release|x64.ActiveCfg = Release|Any CPU
		{2CCE6312-6F25-4673-9FD7-5B7B8D2E3F5B}.Release|x64.Build.0 = Release|Any CPU
		{2CCE6312-6F25-4673-9FD7-5B7B8D2E3F5B}.Release|x86.ActiveCfg = Release|Any CPU
		{2CCE6312-6F25-4673-9FD7-5B7B8D2E3F5B}.Release|x86.Build.0 = Release|Any CPU
		{970C0590-1EBE-4B4A-B788-C306EC71AAB8}.Debug|Any CPU.ActiveCfg = Debug|Any CPU
		{970C0590-1EBE-4B4A-B788-C306EC71AAB8}.Debug|Any CPU.Build.0 = Debug|Any CPU
		{970C0590-1EBE-4B4A-B788-C306EC71AAB8}.Debug|x64.ActiveCfg = Debug|Any CPU
		{970C0590-1EBE-4B4A-B788-C306EC71AAB8}.Debug|x64.Build.0 = Debug|Any CPU
		{970C0590-1EBE-4B4A-B788-C306EC71AAB8}.Debug|x86.ActiveCfg = Debug|Any CPU
		{970C0590-1EBE-4B4A-B788-C306EC71AAB8}.Debug|x86.Build.0 = Debug|Any CPU
		{970C0590-1EBE-4B4A-B788-C306EC71AAB8}.Release|Any CPU.ActiveCfg = Release|Any CPU
		{970C0590-1EBE-4B4A-B788-C306EC71AAB8}.Release|Any CPU.Build.0 = Release|Any CPU
		{970C0590-1EBE-4B4A-B788-C306EC71AAB8}.Release|x64.ActiveCfg = Release|Any CPU
		{970C0590-1EBE-4B4A-B788-C306EC71AAB8}.Release|x64.Build.0 = Release|Any CPU
		{970C0590-1EBE-4B4A-B788-C306EC71AAB8}.Release|x86.ActiveCfg = Release|Any CPU
		{970C0590-1EBE-4B4A-B788-C306EC71AAB8}.Release|x86.Build.0 = Release|Any CPU
		{12345678-1234-1234-1234-123456789ABC}.Debug|Any CPU.ActiveCfg = Debug|Any CPU
		{12345678-1234-1234-1234-123456789ABC}.Debug|Any CPU.Build.0 = Debug|Any CPU
		{12345678-1234-1234-1234-123456789ABC}.Debug|x64.ActiveCfg = Debug|Any CPU
		{12345678-1234-1234-1234-123456789ABC}.Debug|x64.Build.0 = Debug|Any CPU
		{12345678-1234-1234-1234-123456789ABC}.Debug|x86.ActiveCfg = Debug|Any CPU
		{12345678-1234-1234-1234-123456789ABC}.Debug|x86.Build.0 = Debug|Any CPU
		{12345678-1234-1234-1234-123456789ABC}.Release|Any CPU.ActiveCfg = Release|Any CPU
		{12345678-1234-1234-1234-123456789ABC}.Release|Any CPU.Build.0 = Release|Any CPU
		{12345678-1234-1234-1234-123456789ABC}.Release|x64.ActiveCfg = Release|Any CPU
		{12345678-1234-1234-1234-123456789ABC}.Release|x64.Build.0 = Release|Any CPU
		{12345678-1234-1234-1234-123456789ABC}.Release|x86.ActiveCfg = Release|Any CPU
		{12345678-1234-1234-1234-123456789ABC}.Release|x86.Build.0 = Release|Any CPU
		{DA25C63C-7D91-4FD2-BEF4-4F920A6C4612}.Debug|Any CPU.ActiveCfg = Debug|Any CPU
		{DA25C63C-7D91-4FD2-BEF4-4F920A6C4612}.Debug|Any CPU.Build.0 = Debug|Any CPU
		{DA25C63C-7D91-4FD2-BEF4-4F920A6C4612}.Debug|x64.ActiveCfg = Debug|Any CPU
		{DA25C63C-7D91-4FD2-BEF4-4F920A6C4612}.Debug|x64.Build.0 = Debug|Any CPU
		{DA25C63C-7D91-4FD2-BEF4-4F920A6C4612}.Debug|x86.ActiveCfg = Debug|Any CPU
		{DA25C63C-7D91-4FD2-BEF4-4F920A6C4612}.Debug|x86.Build.0 = Debug|Any CPU
		{DA25C63C-7D91-4FD2-BEF4-4F920A6C4612}.Release|Any CPU.ActiveCfg = Release|Any CPU
		{DA25C63C-7D91-4FD2-BEF4-4F920A6C4612}.Release|Any CPU.Build.0 = Release|Any CPU
		{DA25C63C-7D91-4FD2-BEF4-4F920A6C4612}.Release|x64.ActiveCfg = Release|Any CPU
		{DA25C63C-7D91-4FD2-BEF4-4F920A6C4612}.Release|x64.Build.0 = Release|Any CPU
		{DA25C63C-7D91-4FD2-BEF4-4F920A6C4612}.Release|x86.ActiveCfg = Release|Any CPU
		{DA25C63C-7D91-4FD2-BEF4-4F920A6C4612}.Release|x86.Build.0 = Release|Any CPU
		{CCA66421-1D80-4E8C-8E8D-5C036C794D7B}.Debug|Any CPU.ActiveCfg = Debug|Any CPU
		{CCA66421-1D80-4E8C-8E8D-5C036C794D7B}.Debug|Any CPU.Build.0 = Debug|Any CPU
		{CCA66421-1D80-4E8C-8E8D-5C036C794D7B}.Debug|x64.ActiveCfg = Debug|Any CPU
		{CCA66421-1D80-4E8C-8E8D-5C036C794D7B}.Debug|x64.Build.0 = Debug|Any CPU
		{CCA66421-1D80-4E8C-8E8D-5C036C794D7B}.Debug|x86.ActiveCfg = Debug|Any CPU
		{CCA66421-1D80-4E8C-8E8D-5C036C794D7B}.Debug|x86.Build.0 = Debug|Any CPU
		{CCA66421-1D80-4E8C-8E8D-5C036C794D7B}.Release|Any CPU.ActiveCfg = Release|Any CPU
		{CCA66421-1D80-4E8C-8E8D-5C036C794D7B}.Release|Any CPU.Build.0 = Release|Any CPU
		{CCA66421-1D80-4E8C-8E8D-5C036C794D7B}.Release|x64.ActiveCfg = Release|Any CPU
		{CCA66421-1D80-4E8C-8E8D-5C036C794D7B}.Release|x64.Build.0 = Release|Any CPU
		{CCA66421-1D80-4E8C-8E8D-5C036C794D7B}.Release|x86.ActiveCfg = Release|Any CPU
		{CCA66421-1D80-4E8C-8E8D-5C036C794D7B}.Release|x86.Build.0 = Release|Any CPU
		{02E07064-EAA5-4B5F-95D1-498FD1220E20}.Debug|Any CPU.ActiveCfg = Debug|Any CPU
		{02E07064-EAA5-4B5F-95D1-498FD1220E20}.Debug|Any CPU.Build.0 = Debug|Any CPU
		{02E07064-EAA5-4B5F-95D1-498FD1220E20}.Debug|x64.ActiveCfg = Debug|Any CPU
		{02E07064-EAA5-4B5F-95D1-498FD1220E20}.Debug|x64.Build.0 = Debug|Any CPU
		{02E07064-EAA5-4B5F-95D1-498FD1220E20}.Debug|x86.ActiveCfg = Debug|Any CPU
		{02E07064-EAA5-4B5F-95D1-498FD1220E20}.Debug|x86.Build.0 = Debug|Any CPU
		{02E07064-EAA5-4B5F-95D1-498FD1220E20}.Release|Any CPU.ActiveCfg = Release|Any CPU
		{02E07064-EAA5-4B5F-95D1-498FD1220E20}.Release|Any CPU.Build.0 = Release|Any CPU
		{02E07064-EAA5-4B5F-95D1-498FD1220E20}.Release|x64.ActiveCfg = Release|Any CPU
		{02E07064-EAA5-4B5F-95D1-498FD1220E20}.Release|x64.Build.0 = Release|Any CPU
		{02E07064-EAA5-4B5F-95D1-498FD1220E20}.Release|x86.ActiveCfg = Release|Any CPU
		{02E07064-EAA5-4B5F-95D1-498FD1220E20}.Release|x86.Build.0 = Release|Any CPU
		{0726243F-CA91-4FCD-978C-4B0E11975209}.Debug|Any CPU.ActiveCfg = Debug|Any CPU
		{0726243F-CA91-4FCD-978C-4B0E11975209}.Debug|Any CPU.Build.0 = Debug|Any CPU
		{0726243F-CA91-4FCD-978C-4B0E11975209}.Debug|x64.ActiveCfg = Debug|Any CPU
		{0726243F-CA91-4FCD-978C-4B0E11975209}.Debug|x64.Build.0 = Debug|Any CPU
		{0726243F-CA91-4FCD-978C-4B0E11975209}.Debug|x86.ActiveCfg = Debug|Any CPU
		{0726243F-CA91-4FCD-978C-4B0E11975209}.Debug|x86.Build.0 = Debug|Any CPU
		{0726243F-CA91-4FCD-978C-4B0E11975209}.Release|Any CPU.ActiveCfg = Release|Any CPU
		{0726243F-CA91-4FCD-978C-4B0E11975209}.Release|Any CPU.Build.0 = Release|Any CPU
		{0726243F-CA91-4FCD-978C-4B0E11975209}.Release|x64.ActiveCfg = Release|Any CPU
		{0726243F-CA91-4FCD-978C-4B0E11975209}.Release|x64.Build.0 = Release|Any CPU
		{0726243F-CA91-4FCD-978C-4B0E11975209}.Release|x86.ActiveCfg = Release|Any CPU
		{0726243F-CA91-4FCD-978C-4B0E11975209}.Release|x86.Build.0 = Release|Any CPU
		{B699E060-0E22-4DBE-9B65-1C89CD32959F}.Debug|Any CPU.ActiveCfg = Debug|Any CPU
		{B699E060-0E22-4DBE-9B65-1C89CD32959F}.Debug|Any CPU.Build.0 = Debug|Any CPU
		{B699E060-0E22-4DBE-9B65-1C89CD32959F}.Debug|x64.ActiveCfg = Debug|Any CPU
		{B699E060-0E22-4DBE-9B65-1C89CD32959F}.Debug|x64.Build.0 = Debug|Any CPU
		{B699E060-0E22-4DBE-9B65-1C89CD32959F}.Debug|x86.ActiveCfg = Debug|Any CPU
		{B699E060-0E22-4DBE-9B65-1C89CD32959F}.Debug|x86.Build.0 = Debug|Any CPU
		{B699E060-0E22-4DBE-9B65-1C89CD32959F}.Release|Any CPU.ActiveCfg = Release|Any CPU
		{B699E060-0E22-4DBE-9B65-1C89CD32959F}.Release|Any CPU.Build.0 = Release|Any CPU
		{B699E060-0E22-4DBE-9B65-1C89CD32959F}.Release|x64.ActiveCfg = Release|Any CPU
		{B699E060-0E22-4DBE-9B65-1C89CD32959F}.Release|x64.Build.0 = Release|Any CPU
		{B699E060-0E22-4DBE-9B65-1C89CD32959F}.Release|x86.ActiveCfg = Release|Any CPU
		{B699E060-0E22-4DBE-9B65-1C89CD32959F}.Release|x86.Build.0 = Release|Any CPU
		{025A25D5-65AC-4FC3-B74F-A355BE7E8C3D}.Debug|Any CPU.ActiveCfg = Debug|Any CPU
		{025A25D5-65AC-4FC3-B74F-A355BE7E8C3D}.Debug|Any CPU.Build.0 = Debug|Any CPU
		{025A25D5-65AC-4FC3-B74F-A355BE7E8C3D}.Debug|x64.ActiveCfg = Debug|Any CPU
		{025A25D5-65AC-4FC3-B74F-A355BE7E8C3D}.Debug|x64.Build.0 = Debug|Any CPU
		{025A25D5-65AC-4FC3-B74F-A355BE7E8C3D}.Debug|x86.ActiveCfg = Debug|Any CPU
		{025A25D5-65AC-4FC3-B74F-A355BE7E8C3D}.Debug|x86.Build.0 = Debug|Any CPU
		{025A25D5-65AC-4FC3-B74F-A355BE7E8C3D}.Release|Any CPU.ActiveCfg = Release|Any CPU
		{025A25D5-65AC-4FC3-B74F-A355BE7E8C3D}.Release|Any CPU.Build.0 = Release|Any CPU
		{025A25D5-65AC-4FC3-B74F-A355BE7E8C3D}.Release|x64.ActiveCfg = Release|Any CPU
		{025A25D5-65AC-4FC3-B74F-A355BE7E8C3D}.Release|x64.Build.0 = Release|Any CPU
		{025A25D5-65AC-4FC3-B74F-A355BE7E8C3D}.Release|x86.ActiveCfg = Release|Any CPU
		{025A25D5-65AC-4FC3-B74F-A355BE7E8C3D}.Release|x86.Build.0 = Release|Any CPU
		{61159DF0-0A26-4C2E-9615-F711608E4B79}.Debug|Any CPU.ActiveCfg = Debug|Any CPU
		{61159DF0-0A26-4C2E-9615-F711608E4B79}.Debug|Any CPU.Build.0 = Debug|Any CPU
		{61159DF0-0A26-4C2E-9615-F711608E4B79}.Debug|x64.ActiveCfg = Debug|Any CPU
		{61159DF0-0A26-4C2E-9615-F711608E4B79}.Debug|x64.Build.0 = Debug|Any CPU
		{61159DF0-0A26-4C2E-9615-F711608E4B79}.Debug|x86.ActiveCfg = Debug|Any CPU
		{61159DF0-0A26-4C2E-9615-F711608E4B79}.Debug|x86.Build.0 = Debug|Any CPU
		{61159DF0-0A26-4C2E-9615-F711608E4B79}.Release|Any CPU.ActiveCfg = Release|Any CPU
		{61159DF0-0A26-4C2E-9615-F711608E4B79}.Release|Any CPU.Build.0 = Release|Any CPU
		{61159DF0-0A26-4C2E-9615-F711608E4B79}.Release|x64.ActiveCfg = Release|Any CPU
		{61159DF0-0A26-4C2E-9615-F711608E4B79}.Release|x64.Build.0 = Release|Any CPU
		{61159DF0-0A26-4C2E-9615-F711608E4B79}.Release|x86.ActiveCfg = Release|Any CPU
		{61159DF0-0A26-4C2E-9615-F711608E4B79}.Release|x86.Build.0 = Release|Any CPU
	EndGlobalSection
	GlobalSection(SolutionProperties) = preSolution
		HideSolutionNode = FALSE
	EndGlobalSection
	GlobalSection(NestedProjects) = preSolution
		{91F79CE0-0A70-4F39-BBB7-01566EFF095E} = {827E0CD3-B72D-47B6-A68D-7590B98EB39B}
		{C248C376-9436-431E-9216-8D068BD2343F} = {827E0CD3-B72D-47B6-A68D-7590B98EB39B}
		{8D5645A9-59EB-4B29-8A3B-FBD6E44D4332} = {0AB3BF05-4346-4AA6-1389-037BE0695223}
		{2CCE6312-6F25-4673-9FD7-5B7B8D2E3F5B} = {0AB3BF05-4346-4AA6-1389-037BE0695223}
		{970C0590-1EBE-4B4A-B788-C306EC71AAB8} = {0AB3BF05-4346-4AA6-1389-037BE0695223}
		{DA25C63C-7D91-4FD2-BEF4-4F920A6C4612} = {827E0CD3-B72D-47B6-A68D-7590B98EB39B}
		{984BB9B3-3FA3-BE33-9484-CAC21695A33C} = {827E0CD3-B72D-47B6-A68D-7590B98EB39B}
		{CCA66421-1D80-4E8C-8E8D-5C036C794D7B} = {984BB9B3-3FA3-BE33-9484-CAC21695A33C}
		{02E07064-EAA5-4B5F-95D1-498FD1220E20} = {984BB9B3-3FA3-BE33-9484-CAC21695A33C}
		{0726243F-CA91-4FCD-978C-4B0E11975209} = {984BB9B3-3FA3-BE33-9484-CAC21695A33C}
		{B699E060-0E22-4DBE-9B65-1C89CD32959F} = {984BB9B3-3FA3-BE33-9484-CAC21695A33C}
		{025A25D5-65AC-4FC3-B74F-A355BE7E8C3D} = {984BB9B3-3FA3-BE33-9484-CAC21695A33C}
		{03997797-E7F5-0643-168D-B8EA7178C2FE} = {827E0CD3-B72D-47B6-A68D-7590B98EB39B}
		{61159DF0-0A26-4C2E-9615-F711608E4B79} = {03997797-E7F5-0643-168D-B8EA7178C2FE}
	EndGlobalSection
EndGlobal
