
Microsoft Visual Studio Solution File, Format Version 12.00
# Visual Studio Version 17
VisualStudioVersion = 17.0.31903.59
MinimumVisualStudioVersion = 10.0.40219.1
Project("{2150E333-8FDC-42A3-9474-1A3956D46DE8}") = "src", "src", "{827E0CD3-B72D-47B6-A68D-7590B98EB39B}"
EndProject
Project("{FAE04EC0-301F-11D3-BF4B-00C04F79EFBC}") = "Core", "src\Core\Core.csproj", "{91F79CE0-0A70-4F39-BBB7-01566EFF095E}"
EndProject
Project("{FAE04EC0-301F-11D3-BF4B-00C04F79EFBC}") = "NotificationService", "src\NotificationService\NotificationService.csproj", "{C248C376-9436-431E-9216-8D068BD2343F}"
EndProject
Project("{2150E333-8FDC-42A3-9474-1A3956D46DE8}") = "tests", "tests", "{0AB3BF05-4346-4AA6-1389-037BE0695223}"
EndProject
Project("{FAE04EC0-301F-11D3-BF4B-00C04F79EFBC}") = "Core.Tests", "tests\Core.Tests\Core.Tests.csproj", "{8D5645A9-59EB-4B29-8A3B-FBD6E44D4332}"
EndProject
Project("{FAE04EC0-301F-11D3-BF4B-00C04F79EFBC}") = "NotificationService.UnitTests", "tests\NotificationService.UnitTests\NotificationService.UnitTests.csproj", "{2CCE6312-6F25-4673-9FD7-5B7B8D2E3F5B}"
EndProject
Project("{FAE04EC0-301F-11D3-BF4B-00C04F79EFBC}") = "NotificationService.IntegrationTests", "tests\NotificationService.IntegrationTests\NotificationService.IntegrationTests.csproj", "{970C0590-1EBE-4B4A-B788-C306EC71AAB8}"
EndProject
Global
	GlobalSection(SolutionConfigurationPlatforms) = preSolution
		Debug|Any CPU = Debug|Any CPU
		Debug|x64 = Debug|x64
		Debug|x86 = Debug|x86
		Release|Any CPU = Release|Any CPU
		Release|x64 = Release|x64
		Release|x86 = Release|x86
	EndGlobalSection
	GlobalSection(ProjectConfigurationPlatforms) = postSolution
		{91F79CE0-0A70-4F39-BBB7-01566EFF095E}.Debug|Any CPU.ActiveCfg = Debug|Any CPU
		{91F79CE0-0A70-4F39-BBB7-01566EFF095E}.Debug|Any CPU.Build.0 = Debug|Any CPU
		{91F79CE0-0A70-4F39-BBB7-01566EFF095E}.Debug|x64.ActiveCfg = Debug|Any CPU
		{91F79CE0-0A70-4F39-BBB7-01566EFF095E}.Debug|x64.Build.0 = Debug|Any CPU
		{91F79CE0-0A70-4F39-BBB7-01566EFF095E}.Debug|x86.ActiveCfg = Debug|Any CPU
		{91F79CE0-0A70-4F39-BBB7-01566EFF095E}.Debug|x86.Build.0 = Debug|Any CPU
		{91F79CE0-0A70-4F39-BBB7-01566EFF095E}.Release|Any CPU.ActiveCfg = Release|Any CPU
		{91F79CE0-0A70-4F39-BBB7-01566EFF095E}.Release|Any CPU.Build.0 = Release|Any CPU
		{91F79CE0-0A70-4F39-BBB7-01566EFF095E}.Release|x64.ActiveCfg = Release|Any CPU
		{91F79CE0-0A70-4F39-BBB7-01566EFF095E}.Release|x64.Build.0 = Release|Any CPU
		{91F79CE0-0A70-4F39-BBB7-01566EFF095E}.Release|x86.ActiveCfg = Release|Any CPU
		{91F79CE0-0A70-4F39-BBB7-01566EFF095E}.Release|x86.Build.0 = Release|Any CPU
		{C248C376-9436-431E-9216-8D068BD2343F}.Debug|Any CPU.ActiveCfg = Debug|Any CPU
		{C248C376-9436-431E-9216-8D068BD2343F}.Debug|Any CPU.Build.0 = Debug|Any CPU
		{C248C376-9436-431E-9216-8D068BD2343F}.Debug|x64.ActiveCfg = Debug|Any CPU
		{C248C376-9436-431E-9216-8D068BD2343F}.Debug|x64.Build.0 = Debug|Any CPU
		{C248C376-9436-431E-9216-8D068BD2343F}.Debug|x86.ActiveCfg = Debug|Any CPU
		{C248C376-9436-431E-9216-8D068BD2343F}.Debug|x86.Build.0 = Debug|Any CPU
		{C248C376-9436-431E-9216-8D068BD2343F}.Release|Any CPU.ActiveCfg = Release|Any CPU
		{C248C376-9436-431E-9216-8D068BD2343F}.Release|Any CPU.Build.0 = Release|Any CPU
		{C248C376-9436-431E-9216-8D068BD2343F}.Release|x64.ActiveCfg = Release|Any CPU
		{C248C376-9436-431E-9216-8D068BD2343F}.Release|x64.Build.0 = Release|Any CPU
		{C248C376-9436-431E-9216-8D068BD2343F}.Release|x86.ActiveCfg = Release|Any CPU
		{C248C376-9436-431E-9216-8D068BD2343F}.Release|x86.Build.0 = Release|Any CPU
		{8D5645A9-59EB-4B29-8A3B-FBD6E44D4332}.Debug|Any CPU.ActiveCfg = Debug|Any CPU
		{8D5645A9-59EB-4B29-8A3B-FBD6E44D4332}.Debug|Any CPU.Build.0 = Debug|Any CPU
		{8D5645A9-59EB-4B29-8A3B-FBD6E44D4332}.Debug|x64.ActiveCfg = Debug|Any CPU
		{8D5645A9-59EB-4B29-8A3B-FBD6E44D4332}.Debug|x64.Build.0 = Debug|Any CPU
		{8D5645A9-59EB-4B29-8A3B-FBD6E44D4332}.Debug|x86.ActiveCfg = Debug|Any CPU
		{8D5645A9-59EB-4B29-8A3B-FBD6E44D4332}.Debug|x86.Build.0 = Debug|Any CPU
		{8D5645A9-59EB-4B29-8A3B-FBD6E44D4332}.Release|Any CPU.ActiveCfg = Release|Any CPU
		{8D5645A9-59EB-4B29-8A3B-FBD6E44D4332}.Release|Any CPU.Build.0 = Release|Any CPU
		{8D5645A9-59EB-4B29-8A3B-FBD6E44D4332}.Release|x64.ActiveCfg = Release|Any CPU
		{8D5645A9-59EB-4B29-8A3B-FBD6E44D4332}.Release|x64.Build.0 = Release|Any CPU
		{8D5645A9-59EB-4B29-8A3B-FBD6E44D4332}.Release|x86.ActiveCfg = Release|Any CPU
		{8D5645A9-59EB-4B29-8A3B-FBD6E44D4332}.Release|x86.Build.0 = Release|Any CPU
		{2CCE6312-6F25-4673-9FD7-5B7B8D2E3F5B}.Debug|Any CPU.ActiveCfg = Debug|Any CPU
		{2CCE6312-6F25-4673-9FD7-5B7B8D2E3F5B}.Debug|Any CPU.Build.0 = Debug|Any CPU
		{2CCE6312-6F25-4673-9FD7-5B7B8D2E3F5B}.Debug|x64.ActiveCfg = Debug|Any CPU
		{2CCE6312-6F25-4673-9FD7-5B7B8D2E3F5B}.Debug|x64.Build.0 = Debug|Any CPU
		{2CCE6312-6F25-4673-9FD7-5B7B8D2E3F5B}.Debug|x86.ActiveCfg = Debug|Any CPU
		{2CCE6312-6F25-4673-9FD7-5B7B8D2E3F5B}.Debug|x86.Build.0 = Debug|Any CPU
		{2CCE6312-6F25-4673-9FD7-5B7B8D2E3F5B}.Release|Any CPU.ActiveCfg = Release|Any CPU
		{2CCE6312-6F25-4673-9FD7-5B7B8D2E3F5B}.Release|Any CPU.Build.0 = Release|Any CPU
		{2CCE6312-6F25-4673-9FD7-5B7B8D2E3F5B}.Release|x64.ActiveCfg = Release|Any CPU
		{2CCE6312-6F25-4673-9FD7-5B7B8D2E3F5B}.Release|x64.Build.0 = Release|Any CPU
		{2CCE6312-6F25-4673-9FD7-5B7B8D2E3F5B}.Release|x86.ActiveCfg = Release|Any CPU
		{2CCE6312-6F25-4673-9FD7-5B7B8D2E3F5B}.Release|x86.Build.0 = Release|Any CPU
		{970C0590-1EBE-4B4A-B788-C306EC71AAB8}.Debug|Any CPU.ActiveCfg = Debug|Any CPU
		{970C0590-1EBE-4B4A-B788-C306EC71AAB8}.Debug|Any CPU.Build.0 = Debug|Any CPU
		{970C0590-1EBE-4B4A-B788-C306EC71AAB8}.Debug|x64.ActiveCfg = Debug|Any CPU
		{970C0590-1EBE-4B4A-B788-C306EC71AAB8}.Debug|x64.Build.0 = Debug|Any CPU
		{970C0590-1EBE-4B4A-B788-C306EC71AAB8}.Debug|x86.ActiveCfg = Debug|Any CPU
		{970C0590-1EBE-4B4A-B788-C306EC71AAB8}.Debug|x86.Build.0 = Debug|Any CPU
		{970C0590-1EBE-4B4A-B788-C306EC71AAB8}.Release|Any CPU.ActiveCfg = Release|Any CPU
		{970C0590-1EBE-4B4A-B788-C306EC71AAB8}.Release|Any CPU.Build.0 = Release|Any CPU
		{970C0590-1EBE-4B4A-B788-C306EC71AAB8}.Release|x64.ActiveCfg = Release|Any CPU
		{970C0590-1EBE-4B4A-B788-C306EC71AAB8}.Release|x64.Build.0 = Release|Any CPU
		{970C0590-1EBE-4B4A-B788-C306EC71AAB8}.Release|x86.ActiveCfg = Release|Any CPU
		{970C0590-1EBE-4B4A-B788-C306EC71AAB8}.Release|x86.Build.0 = Release|Any CPU
	EndGlobalSection
	GlobalSection(SolutionProperties) = preSolution
		HideSolutionNode = FALSE
	EndGlobalSection
	GlobalSection(NestedProjects) = preSolution
		{91F79CE0-0A70-4F39-BBB7-01566EFF095E} = {827E0CD3-B72D-47B6-A68D-7590B98EB39B}
		{C248C376-9436-431E-9216-8D068BD2343F} = {827E0CD3-B72D-47B6-A68D-7590B98EB39B}
		{8D5645A9-59EB-4B29-8A3B-FBD6E44D4332} = {0AB3BF05-4346-4AA6-1389-037BE0695223}
		{2CCE6312-6F25-4673-9FD7-5B7B8D2E3F5B} = {0AB3BF05-4346-4AA6-1389-037BE0695223}
		{970C0590-1EBE-4B4A-B788-C306EC71AAB8} = {0AB3BF05-4346-4AA6-1389-037BE0695223}
	EndGlobalSection
EndGlobal
